{
    "_readme": [
        "This file locks the dependencies of your project to a known state",
        "Read more about it at https://getcomposer.org/doc/01-basic-usage.md#installing-dependencies",
        "This file is @generated automatically"
    ],
    "content-hash": "42ef30eed38bb61e7bd1bd2fa26ede2e",
    "packages": [
        {
            "name": "kernl/kernl-update-checker",
            "version": "4.0.1",
            "source": {
                "type": "git",
                "url": "https://github.com/vital101/plugin-update-checker.git",
                "reference": "b71d26752d88848ae92932e1e2cdf3e86e15e383"
            },
            "dist": {
                "type": "zip",
                "url": "https://api.github.com/repos/vital101/plugin-update-checker/zipball/b71d26752d88848ae92932e1e2cdf3e86e15e383",
                "reference": "b71d26752d88848ae92932e1e2cdf3e86e15e383",
                "shasum": ""
            },
            "require": {
                "ext-json": "*",
                "php": ">=5.4.0"
            },
            "type": "library",
            "autoload": {
                "files": [
                    "load-v4p13.php"
                ]
            },
            "notification-url": "https://packagist.org/downloads/",
            "license": [
                "MIT"
            ],
            "authors": [
                {
                    "name": "Jack Slingerland",
                    "email": "jack@kernl.us",
                    "homepage": "https://kernl.us",
                    "role": "Developer"
                }
            ],
            "description": "The WordPress plugin and theme update checker for https://kernl.us",
            "homepage": "https://github.com/vital101/plugin-update-checker",
            "keywords": [
                "automatic updates",
                "plugin updates",
                "theme updates",
                "wordpress"
            ],
            "support": {
                "source": "https://github.com/vital101/plugin-update-checker/tree/4.0.1"
            },
            "time": "2023-06-01T00:26:22+00:00"
        }
    ],
    "packages-dev": [],
    "aliases": [],
    "minimum-stability": "stable",
    "stability-flags": [],
    "prefer-stable": false,
    "prefer-lowest": false,
    "platform": [],
    "platform-dev": [],
    "plugin-api-version": "2.3.0"
}
